<?xml version="1.0" encoding="utf-8"?>
<Project ToolsVersion="4.0" xmlns="http://schemas.microsoft.com/developer/msbuild/2003">
  <ItemGroup>
    <Filter Include="Source Files">
      <UniqueIdentifier>{4FC737F1-C7A5-4376-A066-2A32D752A2FF}</UniqueIdentifier>
      <Extensions>cpp;c;cc;cxx;def;odl;idl;hpj;bat;asm;asmx</Extensions>
    </Filter>
    <Filter Include="Header Files">
      <UniqueIdentifier>{93995380-89BD-4b04-88EB-625FBE52EBFB}</UniqueIdentifier>
      <Extensions>h;hh;hpp;hxx;hm;inl;inc;ipp;xsd</Extensions>
    </Filter>
    <Filter Include="Resource Files">
      <UniqueIdentifier>{67DA6AB6-F800-4c08-8B7A-83BB121AAD01}</UniqueIdentifier>
      <Extensions>rc;ico;cur;bmp;dlg;rc2;rct;bin;rgs;gif;jpg;jpeg;jpe;resx;tiff;tif;png;wav;mfcribbon-ms</Extensions>
    </Filter>
    <Filter Include="Source Files\BL2SDK">
      <UniqueIdentifier>{d020b289-e3ae-45e4-924a-550bfee750e2}</UniqueIdentifier>
    </Filter>
    <Filter Include="Header Files\BL2SDK">
      <UniqueIdentifier>{12c10faa-b47a-47a5-aa95-44c976ae9fdc}</UniqueIdentifier>
    </Filter>
    <Filter Include="Detours">
      <UniqueIdentifier>{46460847-50a4-46b3-8142-af59c66b2220}</UniqueIdentifier>
    </Filter>
    <Filter Include="Source Files\pydef">
      <UniqueIdentifier>{d54e03d9-e547-4b9b-a86f-6759615c02aa}</UniqueIdentifier>
    </Filter>
    <Filter Include="Header Files\pydef11">
      <UniqueIdentifier>{226439f2-1bfe-4923-bbd8-79b12c2a5d1a}</UniqueIdentifier>
    </Filter>
    <Filter Include="Header Files\pydef11\detail">
      <UniqueIdentifier>{a3d55180-e04d-440a-9f1c-dc59addb0933}</UniqueIdentifier>
    </Filter>
  </ItemGroup>
  <ItemGroup>
    <ClCompile Include="stdafx.cpp">
      <Filter>Source Files</Filter>
    </ClCompile>
    <ClCompile Include="detours.cpp">
      <Filter>Detours</Filter>
    </ClCompile>
    <ClCompile Include="disasm.cpp">
      <Filter>Detours</Filter>
    </ClCompile>
    <ClCompile Include="modules.cpp">
      <Filter>Detours</Filter>
    </ClCompile>
    <ClCompile Include="AkAudio_functions.cpp">
      <Filter>Source Files\BL2SDK</Filter>
    </ClCompile>
    <ClCompile Include="Core_functions.cpp">
      <Filter>Source Files\BL2SDK</Filter>
    </ClCompile>
    <ClCompile Include="Engine_functions.cpp">
      <Filter>Source Files\BL2SDK</Filter>
    </ClCompile>
    <ClCompile Include="GameFramework_functions.cpp">
      <Filter>Source Files\BL2SDK</Filter>
    </ClCompile>
    <ClCompile Include="GearboxFramework_functions.cpp">
      <Filter>Source Files\BL2SDK</Filter>
    </ClCompile>
    <ClCompile Include="GFxUI_functions.cpp">
      <Filter>Source Files\BL2SDK</Filter>
    </ClCompile>
    <ClCompile Include="IpDrv_functions.cpp">
      <Filter>Source Files\BL2SDK</Filter>
    </ClCompile>
    <ClCompile Include="OnlineSubsystemSteamworks_functions.cpp">
      <Filter>Source Files\BL2SDK</Filter>
    </ClCompile>
    <ClCompile Include="WillowGame_functions.cpp">
      <Filter>Source Files\BL2SDK</Filter>
    </ClCompile>
    <ClCompile Include="WinDrv_functions.cpp">
      <Filter>Source Files\BL2SDK</Filter>
    </ClCompile>
    <ClCompile Include="XAudio2_functions.cpp">
      <Filter>Source Files\BL2SDK</Filter>
    </ClCompile>
    <ClCompile Include="Logging.cpp">
      <Filter>Source Files</Filter>
    </ClCompile>
    <ClCompile Include="Settings.cpp">
      <Filter>Source Files</Filter>
    </ClCompile>
    <ClCompile Include="CSigScan.cpp">
      <Filter>Source Files</Filter>
    </ClCompile>
    <ClCompile Include="CSimpleDetour.cpp">
      <Filter>Source Files</Filter>
    </ClCompile>
    <ClCompile Include="CHookManager.cpp">
      <Filter>Source Files</Filter>
    </ClCompile>
    <ClCompile Include="BL2-SDK.cpp">
      <Filter>Source Files</Filter>
    </ClCompile>
    <ClCompile Include="PackageFix.cpp">
      <Filter>Source Files</Filter>
    </ClCompile>
    <ClCompile Include="Util.cpp">
      <Filter>Source Files</Filter>
    </ClCompile>
    <ClCompile Include="GameHooks.cpp">
      <Filter>Source Files</Filter>
    </ClCompile>
    <ClCompile Include="MemoryDebug.cpp">
      <Filter>Source Files</Filter>
    </ClCompile>
    <ClCompile Include="AntiDebug.cpp">
      <Filter>Source Files</Filter>
    </ClCompile>
    <ClCompile Include="main.cpp">
      <Filter>Source Files</Filter>
    </ClCompile>
    <ClCompile Include="CPythonInterface.cpp">
      <Filter>Source Files</Filter>
    </ClCompile>
    <ClCompile Include="pydefs\_Classes_UObject.cpp">
      <Filter>Source Files\pydef</Filter>
    </ClCompile>
    <ClCompile Include="pydefs\_Classes_UInteraction.cpp">
      <Filter>Source Files\pydef</Filter>
    </ClCompile>
    <ClCompile Include="pydefs\_Classes_UConsole.cpp">
      <Filter>Source Files\pydef</Filter>
    </ClCompile>
    <ClCompile Include="pydefs\_Classes_UWillowConsole.cpp">
      <Filter>Source Files\pydef</Filter>
    </ClCompile>
    <ClCompile Include="pydefs\_FString.cpp">
      <Filter>Source Files\pydef</Filter>
    </ClCompile>
    <ClCompile Include="pydefs\_Classes_UPackage.cpp">
      <Filter>Source Files\pydef</Filter>
    </ClCompile>
    <ClCompile Include="pydefs\_Classes_USkillTreeBranchDefinition.cpp">
      <Filter>Source Files\pydef</Filter>
    </ClCompile>
    <ClCompile Include="pydefs\_Classes_USkillTreeBranchLayoutDefinition.cpp">
      <Filter>Source Files\pydef</Filter>
    </ClCompile>
    <ClCompile Include="pydefs\_Classes_USkillDefinition.cpp">
      <Filter>Source Files\pydef</Filter>
    </ClCompile>
    <ClCompile Include="pydefs\_Classes_UGBXDefinition.cpp">
      <Filter>Source Files\pydef</Filter>
    </ClCompile>
    <ClCompile Include="pydefs\_Structs_FTier.cpp">
      <Filter>Source Files\pydef</Filter>
    </ClCompile>
    <ClCompile Include="pydefs\_TArray.cpp">
      <Filter>Source Files\pydef</Filter>
    </ClCompile>
    <ClCompile Include="pydefs\_Classes_UWillowGameEngine.cpp">
      <Filter>Source Files\pydef</Filter>
    </ClCompile>
    <ClCompile Include="pydefs\_Classes_UGameEngine.cpp">
      <Filter>Source Files\pydef</Filter>
    </ClCompile>
    <ClCompile Include="pydefs\_Classes_UGearboxEngine.cpp">
      <Filter>Source Files\pydef</Filter>
    </ClCompile>
    <ClCompile Include="pydefs\_Classes_UEngine.cpp">
      <Filter>Source Files\pydef</Filter>
    </ClCompile>
    <ClCompile Include="pydefs\_Classes_USubsystem.cpp">
      <Filter>Source Files\pydef</Filter>
    </ClCompile>
    <ClCompile Include="pydefs\_Classes_ULocalPlayer.cpp">
      <Filter>Source Files\pydef</Filter>
    </ClCompile>
    <ClCompile Include="pydefs\_Classes_UPlayer.cpp">
      <Filter>Source Files\pydef</Filter>
    </ClCompile>
    <ClCompile Include="pydefs\_Classes_APlayerController.cpp">
      <Filter>Source Files\pydef</Filter>
    </ClCompile>
    <ClCompile Include="pydefs\_Classes_AGearboxPlayerController.cpp">
      <Filter>Source Files\pydef</Filter>
    </ClCompile>
    <ClCompile Include="pydefs\_Classes_AWillowPlayerController.cpp">
      <Filter>Source Files\pydef</Filter>
    </ClCompile>
    <ClCompile Include="pydefs\_Classes_AGamePlayerController.cpp">
      <Filter>Source Files\pydef</Filter>
    </ClCompile>
    <ClCompile Include="pydefs\_Classes_AController.cpp">
      <Filter>Source Files\pydef</Filter>
    </ClCompile>
    <ClCompile Include="pydefs\_Classes_AActor.cpp">
      <Filter>Source Files\pydef</Filter>
    </ClCompile>
    <ClCompile Include="pydefs\_Classes_UClass.cpp">
      <Filter>Source Files\pydef</Filter>
    </ClCompile>
    <ClCompile Include="pydefs\_Structs_FQWord.cpp">
      <Filter>Source Files\pydef</Filter>
    </ClCompile>
  </ItemGroup>
  <ItemGroup>
    <ClInclude Include="Logging.h">
      <Filter>Header Files</Filter>
    </ClInclude>
    <ClInclude Include="detours.h">
      <Filter>Detours</Filter>
    </ClInclude>
    <ClInclude Include="detver.h">
      <Filter>Detours</Filter>
    </ClInclude>
    <ClInclude Include="AkAudio_classes.h">
      <Filter>Header Files\BL2SDK</Filter>
    </ClInclude>
    <ClInclude Include="AkAudio_f_structs.h">
      <Filter>Header Files\BL2SDK</Filter>
    </ClInclude>
    <ClInclude Include="AkAudio_structs.h">
      <Filter>Header Files\BL2SDK</Filter>
    </ClInclude>
    <ClInclude Include="Core_classes.h">
      <Filter>Header Files\BL2SDK</Filter>
    </ClInclude>
    <ClInclude Include="Core_f_structs.h">
      <Filter>Header Files\BL2SDK</Filter>
    </ClInclude>
    <ClInclude Include="Core_structs.h">
      <Filter>Header Files\BL2SDK</Filter>
    </ClInclude>
    <ClInclude Include="Engine_classes.h">
      <Filter>Header Files\BL2SDK</Filter>
    </ClInclude>
    <ClInclude Include="Engine_f_structs.h">
      <Filter>Header Files\BL2SDK</Filter>
    </ClInclude>
    <ClInclude Include="Engine_structs.h">
      <Filter>Header Files\BL2SDK</Filter>
    </ClInclude>
    <ClInclude Include="GameFramework_classes.h">
      <Filter>Header Files\BL2SDK</Filter>
    </ClInclude>
    <ClInclude Include="GameFramework_f_structs.h">
      <Filter>Header Files\BL2SDK</Filter>
    </ClInclude>
    <ClInclude Include="GameFramework_structs.h">
      <Filter>Header Files\BL2SDK</Filter>
    </ClInclude>
    <ClInclude Include="GearboxFramework_classes.h">
      <Filter>Header Files\BL2SDK</Filter>
    </ClInclude>
    <ClInclude Include="GearboxFramework_f_structs.h">
      <Filter>Header Files\BL2SDK</Filter>
    </ClInclude>
    <ClInclude Include="GearboxFramework_structs.h">
      <Filter>Header Files\BL2SDK</Filter>
    </ClInclude>
    <ClInclude Include="GFxUI_classes.h">
      <Filter>Header Files\BL2SDK</Filter>
    </ClInclude>
    <ClInclude Include="GFxUI_f_structs.h">
      <Filter>Header Files\BL2SDK</Filter>
    </ClInclude>
    <ClInclude Include="GFxUI_structs.h">
      <Filter>Header Files\BL2SDK</Filter>
    </ClInclude>
    <ClInclude Include="IpDrv_classes.h">
      <Filter>Header Files\BL2SDK</Filter>
    </ClInclude>
    <ClInclude Include="IpDrv_f_structs.h">
      <Filter>Header Files\BL2SDK</Filter>
    </ClInclude>
    <ClInclude Include="IpDrv_structs.h">
      <Filter>Header Files\BL2SDK</Filter>
    </ClInclude>
    <ClInclude Include="OnlineSubsystemSteamworks_classes.h">
      <Filter>Header Files\BL2SDK</Filter>
    </ClInclude>
    <ClInclude Include="OnlineSubsystemSteamworks_f_structs.h">
      <Filter>Header Files\BL2SDK</Filter>
    </ClInclude>
    <ClInclude Include="OnlineSubsystemSteamworks_structs.h">
      <Filter>Header Files\BL2SDK</Filter>
    </ClInclude>
    <ClInclude Include="WillowGame_classes.h">
      <Filter>Header Files\BL2SDK</Filter>
    </ClInclude>
    <ClInclude Include="WillowGame_f_structs.h">
      <Filter>Header Files\BL2SDK</Filter>
    </ClInclude>
    <ClInclude Include="WillowGame_structs.h">
      <Filter>Header Files\BL2SDK</Filter>
    </ClInclude>
    <ClInclude Include="WinDrv_classes.h">
      <Filter>Header Files\BL2SDK</Filter>
    </ClInclude>
    <ClInclude Include="WinDrv_f_structs.h">
      <Filter>Header Files\BL2SDK</Filter>
    </ClInclude>
    <ClInclude Include="WinDrv_structs.h">
      <Filter>Header Files\BL2SDK</Filter>
    </ClInclude>
    <ClInclude Include="XAudio2_classes.h">
      <Filter>Header Files\BL2SDK</Filter>
    </ClInclude>
    <ClInclude Include="XAudio2_f_structs.h">
      <Filter>Header Files\BL2SDK</Filter>
    </ClInclude>
    <ClInclude Include="XAudio2_structs.h">
      <Filter>Header Files\BL2SDK</Filter>
    </ClInclude>
    <ClInclude Include="Settings.h">
      <Filter>Header Files</Filter>
    </ClInclude>
    <ClInclude Include="Exceptions.h">
      <Filter>Header Files</Filter>
    </ClInclude>
    <ClInclude Include="GameHooks.h">
      <Filter>Header Files</Filter>
    </ClInclude>
    <ClInclude Include="gamedefines.h">
      <Filter>Header Files</Filter>
    </ClInclude>
    <ClInclude Include="MemorySignature.h">
      <Filter>Header Files</Filter>
    </ClInclude>
    <ClInclude Include="PackageFix.h">
      <Filter>Header Files</Filter>
    </ClInclude>
    <ClInclude Include="stdafx.h">
      <Filter>Header Files</Filter>
    </ClInclude>
    <ClInclude Include="Signatures.h">
      <Filter>Header Files</Filter>
    </ClInclude>
    <ClInclude Include="Util.h">
      <Filter>Header Files</Filter>
    </ClInclude>
    <ClInclude Include="CSigScan.h">
      <Filter>Header Files</Filter>
    </ClInclude>
    <ClInclude Include="CSimpleDetour.h">
      <Filter>Header Files</Filter>
    </ClInclude>
    <ClInclude Include="BL2-SDK.h">
      <Filter>Header Files</Filter>
    </ClInclude>
    <ClInclude Include="CHookManager.h">
      <Filter>Header Files</Filter>
    </ClInclude>
    <ClInclude Include="Exports.h">
      <Filter>Header Files</Filter>
    </ClInclude>
    <ClInclude Include="stdafx.h">
      <Filter>Header Files</Filter>
    </ClInclude>
    <ClInclude Include="MemoryDebug.h">
      <Filter>Header Files</Filter>
    </ClInclude>
    <ClInclude Include="resource.h">
      <Filter>Header Files</Filter>
    </ClInclude>
    <ClInclude Include="AntiDebug.h">
      <Filter>Header Files</Filter>
    </ClInclude>
    <ClInclude Include="CPythonInterface.h">
      <Filter>Header Files</Filter>
    </ClInclude>
    <ClInclude Include="include\pybind11\attr.h">
      <Filter>Header Files\pydef11</Filter>
    </ClInclude>
    <ClInclude Include="include\pybind11\buffer_info.h">
      <Filter>Header Files\pydef11</Filter>
    </ClInclude>
    <ClInclude Include="include\pybind11\cast.h">
      <Filter>Header Files\pydef11</Filter>
    </ClInclude>
    <ClInclude Include="include\pybind11\chrono.h">
      <Filter>Header Files\pydef11</Filter>
    </ClInclude>
    <ClInclude Include="include\pybind11\common.h">
      <Filter>Header Files\pydef11</Filter>
    </ClInclude>
    <ClInclude Include="include\pybind11\complex.h">
      <Filter>Header Files\pydef11</Filter>
    </ClInclude>
    <ClInclude Include="include\pybind11\eigen.h">
      <Filter>Header Files\pydef11</Filter>
    </ClInclude>
    <ClInclude Include="include\pybind11\embed.h">
      <Filter>Header Files\pydef11</Filter>
    </ClInclude>
    <ClInclude Include="include\pybind11\eval.h">
      <Filter>Header Files\pydef11</Filter>
    </ClInclude>
    <ClInclude Include="include\pybind11\functional.h">
      <Filter>Header Files\pydef11</Filter>
    </ClInclude>
    <ClInclude Include="include\pybind11\iostream.h">
      <Filter>Header Files\pydef11</Filter>
    </ClInclude>
    <ClInclude Include="include\pybind11\numpy.h">
      <Filter>Header Files\pydef11</Filter>
    </ClInclude>
    <ClInclude Include="include\pybind11\operators.h">
      <Filter>Header Files\pydef11</Filter>
    </ClInclude>
    <ClInclude Include="include\pybind11\options.h">
      <Filter>Header Files\pydef11</Filter>
    </ClInclude>
    <ClInclude Include="include\pybind11\pybind11.h">
      <Filter>Header Files\pydef11</Filter>
    </ClInclude>
    <ClInclude Include="include\pybind11\pytypes.h">
      <Filter>Header Files\pydef11</Filter>
    </ClInclude>
    <ClInclude Include="include\pybind11\stl.h">
      <Filter>Header Files\pydef11</Filter>
    </ClInclude>
    <ClInclude Include="include\pybind11\stl_bind.h">
      <Filter>Header Files\pydef11</Filter>
    </ClInclude>
    <ClInclude Include="include\pybind11\detail\class.h">
      <Filter>Header Files\pydef11\detail</Filter>
    </ClInclude>
    <ClInclude Include="include\pybind11\detail\common.h">
      <Filter>Header Files\pydef11\detail</Filter>
    </ClInclude>
    <ClInclude Include="include\pybind11\detail\descr.h">
      <Filter>Header Files\pydef11\detail</Filter>
    </ClInclude>
    <ClInclude Include="include\pybind11\detail\init.h">
      <Filter>Header Files\pydef11\detail</Filter>
    </ClInclude>
    <ClInclude Include="include\pybind11\detail\internals.h">
      <Filter>Header Files\pydef11\detail</Filter>
    </ClInclude>
    <ClInclude Include="include\pybind11\detail\typeid.h">
      <Filter>Header Files\pydef11\detail</Filter>
    </ClInclude>
    <ClInclude Include="pydef.h">
      <Filter>Header Files</Filter>
    </ClInclude>
    <ClInclude Include="TypeMap.h">
      <Filter>Header Files</Filter>
    </ClInclude>
  </ItemGroup>
  <ItemGroup>
    <ResourceCompile Include="Plugin Loader.rc">
      <Filter>Resource Files</Filter>
    </ResourceCompile>
  </ItemGroup>
</Project>