<?xml version="1.0" encoding="utf-8"?>
<Project ToolsVersion="4.0" xmlns="http://schemas.microsoft.com/developer/msbuild/2003">
  <ItemGroup>
    <Filter Include="Source Files">
      <UniqueIdentifier>{4FC737F1-C7A5-4376-A066-2A32D752A2FF}</UniqueIdentifier>
      <Extensions>cpp;c;cc;cxx;def;odl;idl;hpj;bat;asm;asmx</Extensions>
    </Filter>
    <Filter Include="Header Files">
      <UniqueIdentifier>{93995380-89BD-4b04-88EB-625FBE52EBFB}</UniqueIdentifier>
      <Extensions>h;hh;hpp;hxx;hm;inl;inc;ipp;xsd</Extensions>
    </Filter>
    <Filter Include="Resource Files">
      <UniqueIdentifier>{67DA6AB6-F800-4c08-8B7A-83BB121AAD01}</UniqueIdentifier>
      <Extensions>rc;ico;cur;bmp;dlg;rc2;rct;bin;rgs;gif;jpg;jpeg;jpe;resx;tiff;tif;png;wav;mfcribbon-ms</Extensions>
    </Filter>
  </ItemGroup>
  <ItemGroup>
    <ClInclude Include="AkAudio_classes.h">
      <Filter>Header Files</Filter>
    </ClInclude>
    <ClInclude Include="AkAudio_f_structs.h">
      <Filter>Header Files</Filter>
    </ClInclude>
    <ClInclude Include="AkAudio_structs.h">
      <Filter>Header Files</Filter>
    </ClInclude>
    <ClInclude Include="BL2-SDK.h">
      <Filter>Header Files</Filter>
    </ClInclude>
    <ClInclude Include="Core_classes.h">
      <Filter>Header Files</Filter>
    </ClInclude>
    <ClInclude Include="Core_f_structs.h">
      <Filter>Header Files</Filter>
    </ClInclude>
    <ClInclude Include="Core_structs.h">
      <Filter>Header Files</Filter>
    </ClInclude>
    <ClInclude Include="Engine_classes.h">
      <Filter>Header Files</Filter>
    </ClInclude>
    <ClInclude Include="Engine_f_structs.h">
      <Filter>Header Files</Filter>
    </ClInclude>
    <ClInclude Include="Engine_structs.h">
      <Filter>Header Files</Filter>
    </ClInclude>
    <ClInclude Include="gamedefines.h">
      <Filter>Header Files</Filter>
    </ClInclude>
    <ClInclude Include="GameFramework_classes.h">
      <Filter>Header Files</Filter>
    </ClInclude>
    <ClInclude Include="GameFramework_f_structs.h">
      <Filter>Header Files</Filter>
    </ClInclude>
    <ClInclude Include="GameFramework_structs.h">
      <Filter>Header Files</Filter>
    </ClInclude>
    <ClInclude Include="GearboxFramework_classes.h">
      <Filter>Header Files</Filter>
    </ClInclude>
    <ClInclude Include="GearboxFramework_f_structs.h">
      <Filter>Header Files</Filter>
    </ClInclude>
    <ClInclude Include="GearboxFramework_structs.h">
      <Filter>Header Files</Filter>
    </ClInclude>
    <ClInclude Include="GFxUI_classes.h">
      <Filter>Header Files</Filter>
    </ClInclude>
    <ClInclude Include="GFxUI_f_structs.h">
      <Filter>Header Files</Filter>
    </ClInclude>
    <ClInclude Include="GFxUI_structs.h">
      <Filter>Header Files</Filter>
    </ClInclude>
    <ClInclude Include="IpDrv_classes.h">
      <Filter>Header Files</Filter>
    </ClInclude>
    <ClInclude Include="IpDrv_f_structs.h">
      <Filter>Header Files</Filter>
    </ClInclude>
    <ClInclude Include="IpDrv_structs.h">
      <Filter>Header Files</Filter>
    </ClInclude>
    <ClInclude Include="OnlineSubsystemSteamworks_classes.h">
      <Filter>Header Files</Filter>
    </ClInclude>
    <ClInclude Include="OnlineSubsystemSteamworks_f_structs.h">
      <Filter>Header Files</Filter>
    </ClInclude>
    <ClInclude Include="OnlineSubsystemSteamworks_structs.h">
      <Filter>Header Files</Filter>
    </ClInclude>
    <ClInclude Include="Signatures.h">
      <Filter>Header Files</Filter>
    </ClInclude>
    <ClInclude Include="WillowGame_classes.h">
      <Filter>Header Files</Filter>
    </ClInclude>
    <ClInclude Include="WillowGame_f_structs.h">
      <Filter>Header Files</Filter>
    </ClInclude>
    <ClInclude Include="WillowGame_structs.h">
      <Filter>Header Files</Filter>
    </ClInclude>
    <ClInclude Include="WinDrv_classes.h">
      <Filter>Header Files</Filter>
    </ClInclude>
    <ClInclude Include="WinDrv_f_structs.h">
      <Filter>Header Files</Filter>
    </ClInclude>
    <ClInclude Include="WinDrv_structs.h">
      <Filter>Header Files</Filter>
    </ClInclude>
    <ClInclude Include="XAudio2_classes.h">
      <Filter>Header Files</Filter>
    </ClInclude>
    <ClInclude Include="XAudio2_f_structs.h">
      <Filter>Header Files</Filter>
    </ClInclude>
    <ClInclude Include="XAudio2_structs.h">
      <Filter>Header Files</Filter>
    </ClInclude>
    <ClInclude Include="CSigScan.h">
      <Filter>Header Files</Filter>
    </ClInclude>
    <ClInclude Include="Exceptions.h">
      <Filter>Header Files</Filter>
    </ClInclude>
    <ClInclude Include="PackageFix.h">
      <Filter>Header Files</Filter>
    </ClInclude>
    <ClInclude Include="MemorySignature.h">
      <Filter>Header Files</Filter>
    </ClInclude>
    <ClInclude Include="CSimpleDetour.h">
      <Filter>Header Files</Filter>
    </ClInclude>
    <ClInclude Include="detours.h">
      <Filter>Header Files</Filter>
    </ClInclude>
    <ClInclude Include="GameHooks.h">
      <Filter>Header Files</Filter>
    </ClInclude>
    <ClInclude Include="CHookManager.h">
      <Filter>Header Files</Filter>
    </ClInclude>
    <ClInclude Include="stdafx.h">
      <Filter>Header Files</Filter>
    </ClInclude>
  </ItemGroup>
  <ItemGroup>
    <ClCompile Include="Core_functions.cpp">
      <Filter>Source Files</Filter>
    </ClCompile>
    <ClCompile Include="Engine_functions.cpp">
      <Filter>Source Files</Filter>
    </ClCompile>
    <ClCompile Include="GFxUI_functions.cpp">
      <Filter>Source Files</Filter>
    </ClCompile>
    <ClCompile Include="WillowGame_functions.cpp">
      <Filter>Source Files</Filter>
    </ClCompile>
    <ClCompile Include="GameFramework_functions.cpp">
      <Filter>Source Files</Filter>
    </ClCompile>
    <ClCompile Include="GearboxFramework_functions.cpp">
      <Filter>Source Files</Filter>
    </ClCompile>
    <ClCompile Include="IpDrv_functions.cpp">
      <Filter>Source Files</Filter>
    </ClCompile>
    <ClCompile Include="OnlineSubsystemSteamworks_functions.cpp">
      <Filter>Source Files</Filter>
    </ClCompile>
    <ClCompile Include="AkAudio_functions.cpp">
      <Filter>Source Files</Filter>
    </ClCompile>
    <ClCompile Include="BL2-SDK.cpp">
      <Filter>Source Files</Filter>
    </ClCompile>
    <ClCompile Include="CSigScan.cpp">
      <Filter>Source Files</Filter>
    </ClCompile>
    <ClCompile Include="CSimpleDetour.cpp">
      <Filter>Source Files</Filter>
    </ClCompile>
    <ClCompile Include="GameHooks.cpp">
      <Filter>Source Files</Filter>
    </ClCompile>
    <ClCompile Include="CHookManager.cpp">
      <Filter>Source Files</Filter>
    </ClCompile>
    <ClCompile Include="PackageFix.cpp">
      <Filter>Source Files</Filter>
    </ClCompile>
    <ClCompile Include="WinDrv_functions.cpp">
      <Filter>Source Files</Filter>
    </ClCompile>
    <ClCompile Include="XAudio2_functions.cpp">
      <Filter>Source Files</Filter>
    </ClCompile>
    <ClCompile Include="stdafx.cpp">
      <Filter>Source Files</Filter>
    </ClCompile>
  </ItemGroup>
</Project>